github.com/beorn7/perks v1.0.1 h1:VlbKKnNfV8bJzeqoa4cOKqO6bYr3WgKZxO8Z16+hsOM=
github.com/beorn7/perks v1.0.1/go.mod h1:G2ZrVWU2WbWT9wwq4/hrbKbnv/1ERSJQ0ibhJ6rlkpw=
github.com/cespare/xxhash/v2 v2.2.0 h1:DC2CZ1Ep5Y4k3ZQ899DldepgrayRUGE6BBZ/cd9Cj44=
github.com/cespare/xxhash/v2 v2.2.0/go.mod h1:VGX0DQ3Q6kWi7AoAeZDth3/j3BFtOZR5XLFGgcrjCOs=
github.com/creack/pty v1.1.9/go.mod h1:oKZEueFk5CKHvIhNR5MUki03XCEU+Q6VDXinZuGJ33E=
github.com/davecgh/go-spew v1.1.1 h1:vj9j/u1bqnvCEfJOwUhtlOARqs3+rkHYY13jYWTU97c=
github.com/dustin/go-humanize v1.0.1 h1:GzkhY7T5VNhEkwH0PVJgjz+fX1rhBrR7pRT3mDkpeCY=
github.com/dustin/go-humanize v1.0.1/go.mod h1:Mu1zIs6XwVuF/gI1OepvI0qD18qycQx+mFykh5fBlto=
github.com/golang/protobuf v1.2.0/go.mod h1:6lQm79b+lXiMfvg/cZm0SGofjICqVBUtrP5yJMmIC1U=
github.com/golang/protobuf v1.3.5/go.mod h1:6O5/vntMXwX2lRkT1hjjk0nAC1IDOTvTlVgjlRvqsdk=
github.com/golang/protobuf v1.5.0/go.mod h1:FsONVRAS9T7sI+LIUmWTfcYkHO4aIWwzhcaSAoJOfIk=
github.com/golang/protobuf v1.5.2 h1:ROPKBNFfQgOUMifHyP+KYbvpjbdoFNs+aK7DXlji0Tw=
github.com/golang/protobuf v1.5.2/go.mod h1:XVQd3VNwM+JqD3oG2Ue2ip4fOMUkwXdXDdiuN0vRsmY=
github.com/golang/protobuf v1.5.3 h1:KhyjKVUg7Usr/dYsdSqoFveMYd5ko72D+zANwlG1mmg=
github.com/golang/protobuf v1.5.3/go.mod h1:XVQd3VNwM+JqD3oG2Ue2ip4fOMUkwXdXDdiuN0vRsmY=
github.com/google/go-cmp v0.5.5/go.mod h1:v8dTdLbMG2kIc/vJvl+f65V22dbkXbowE6jgT/gNBxE=
github.com/google/go-cmp v0.5.9 h1:O2Tfq5qg4qc4AmwVlvv0oLiVAGB7enBSJ2x2DqQFi38=
github.com/kr/pretty v0.3.1 h1:flRD4NNwYAUpkphVc1HcthR4KEIFJ65n8Mw5qdRn3LE=
github.com/kr/pretty v0.3.1/go.mod h1:hoEshYVHaxMs3cyo3Yncou5ZscifuDolrwPKZanG3xk=
github.com/kr/text v0.2.0 h1:5Nx0Ya0ZqY2ygV366QzturHI13Jq95ApcVaJBhpS+AY=
github.com/kr/text v0.2.0/go.mod h1:eLer722TekiGuMkidMxC/pM04lWEeraHUUmBw8l2grE=
github.com/matttproud/golang_protobuf_extensions v1.0.4 h1:mmDVorXM7PCGKw94cs5zkfA9PSy5pEvNWRP0ET0TIVo=
github.com/matttproud/golang_protobuf_extensions v1.0.4/go.mod h1:BSXmuO+STAnVfrANrmjBb36TMTDstsz7MSK+HVaYKv4=
github.com/pkg/diff v0.0.0-20210226163009-20ebb0f2a09e/go.mod h1:pJLUxLENpZxwdsKMEsNbx1VGcRFpLqf3715MtcvvzbA=
github.com/prometheus/client_golang v1.14.0 h1:nJdhIvne2eSX/XRAFV9PcvFFRbrjbcTUj0VP62TMhnw=
github.com/prometheus/client_golang v1.14.0/go.mod h1:8vpkKitgIVNcqrRBWh1C4TIUQgYNtG/XQE4E/Zae36Y=
github.com/prometheus/client_model v0.3.0 h1:UBgGFHqYdG/TPFD1B1ogZywDqEkwp3fBMvqdiQ7Xew4=
github.com/prometheus/client_model v0.3.0/go.mod h1:LDGWKZIo7rky3hgvBe+caln+Dr3dPggB5dvjtD7w9+w=
github.com/prometheus/common v0.39.0 h1:oOyhkDq05hPZKItWVBkJ6g6AtGxi+fy7F4JvUV8uhsI=
github.com/prometheus/common v0.39.0/go.mod h1:6XBZ7lYdLCbkAVhwRsWTZn+IN5AB9F/NXd5w0BbEX0Y=
github.com/prometheus/common v0.42.0 h1:EKsfXEYo4JpWMHH5cg+KOUWeuJSov1Id8zGR8eeI1YM=
github.com/prometheus/common v0.42.0/go.mod h1:xBwqVerjNdUDjgODMpudtOMwlOwf2SaTr1yjz4b7Zbc=
github.com/prometheus/procfs v0.9.0 h1:wzCHvIvM5SxWqYvwgVL7yJY8Lz3PKn49KQtpgMYJfhI=
github.com/prometheus/procfs v0.9.0/go.mod h1:+pB4zwohETzFnmlpe6yd2lSc+0/46IYZRB/chUwxUZY=
github.com/rogpeppe/go-internal v1.9.0 h1:73kH8U+JUqXU8lRuOHeVHaa/SZPifC7BkcraZVejAe8=
github.com/rogpeppe/go-internal v1.9.0/go.mod h1:WtVeX8xhTBvf0smdhujwtBcq4Qrzq/fJaraNFVN+nFs=
golang.conradwood.net/apis/auth v1.1.2147 h1:SQ9ob7Wl8qFkTsh0rjwH7snoc0Uxsx7Mp64h9B88W1g=
golang.conradwood.net/apis/auth v1.1.2147/go.mod h1:b1/uvd5gMPnfg80ddhT1+PJaCBIowQrg2kpEMOWk/BA=
golang.conradwood.net/apis/auth v1.1.2235 h1:MLGPhGC1uW1uDb7zyKflPQdNw32nv+fpDD94XulmXwQ=
golang.conradwood.net/apis/auth v1.1.2235/go.mod h1:nHgjjrY7mdpGwnuLSTHZHKvUUV3dTqQQLsO5iAZT9Wk=
golang.conradwood.net/apis/autodeployer v1.1.2147 h1:K7sqTXh7ssL7T+oJLpz4W5I2F/cM4siHZPLpD08TnX8=
golang.conradwood.net/apis/autodeployer v1.1.2147/go.mod h1:4rHb8HkdQonr9uFITV3etrvt1X7thsBZ2WUQHYnHHyY=
golang.conradwood.net/apis/autodeployer v1.1.2235 h1:SJf6XUaKCAmR9svUq9NlE+dUhm7BkPyQnqHeVMv6e7w=
golang.conradwood.net/apis/autodeployer v1.1.2235/go.mod h1:cO/F5fPp7m5a+2hOCzpavsdUwlwuWfQlwNlcvnivb3M=
golang.conradwood.net/apis/common v1.1.2147 h1:szAsTiyG3eqKtcyB+hPtgFyIDHM0y+9Xq5o4A49PER0=
golang.conradwood.net/apis/common v1.1.2147/go.mod h1:w6FF+lCdZHWiCeedCH/5BrX9FNch78mvYf/ewVlouKE=
golang.conradwood.net/apis/common v1.1.2235 h1:IS62NLCdvemDxIX7dJis8mMsvTUrG4JX8US1+V9gYe4=
golang.conradwood.net/apis/common v1.1.2235/go.mod h1:3AfHCjqQ2Y3f6oXPs+4pqU6/6q+Yf56UzEtwmgbnjn4=
golang.conradwood.net/apis/deployminator v1.1.2147 h1:Iu417HPCTrhK2+f/St1Hls9cSEbySZDpMlrYRpp3Hs0=
golang.conradwood.net/apis/deployminator v1.1.2147/go.mod h1:ATzWgmre4n4pkC+xUYOn7C81z7dq7RNmOYqN78+Nct0=
golang.conradwood.net/apis/deployminator v1.1.2235 h1:M5TjSyFMBlwfXQYhMbylL1frFTOR1FuOL6UPD7OriT4=
golang.conradwood.net/apis/deployminator v1.1.2235/go.mod h1:HVx3scuy64tCwaG5T2os1r+9qklkdosc8hRmWaRpJBM=
golang.conradwood.net/apis/deploymonkey v1.1.2147 h1:dtw/cLectTPK9YwWHM9jt8JuZHshs5qzWwcb4yN6enU=
golang.conradwood.net/apis/deploymonkey v1.1.2147/go.mod h1:xUoYCZ5p9WdAGmBPsfyKKyiE2+o7E+tUR6dpsMna0h8=
golang.conradwood.net/apis/deploymonkey v1.1.2235 h1:Fo89vsbUtkE4hfoupSDQcXVrym5p1/1qITGIJOF9ktk=
golang.conradwood.net/apis/deploymonkey v1.1.2235/go.mod h1:gvuBT1z1X61DWRBidN4M96w95+wILkV2y/uFxZ+oUy4=
golang.conradwood.net/apis/echoservice v1.1.2147 h1:jGlHk5XKs+JbVIJ+y4/RH/BJLv9irgVr07HIJf+ZFk8=
golang.conradwood.net/apis/echoservice v1.1.2147/go.mod h1:G4IZvpV0hfPiaEN6+9P55Hptg989jm8t/voPQ72frRM=
golang.conradwood.net/apis/echoservice v1.1.2235 h1:oV+JAvgc+nrSyrD2nvemDne4+xbIO9MK/X/TN0xSiKA=
golang.conradwood.net/apis/echoservice v1.1.2235/go.mod h1:NIiheMgIi8oY+L6fD6wedVQNOp25AysuA7cFxXrsjaY=
golang.conradwood.net/apis/errorlogger v1.1.2147 h1:k7203XmfZ5u1MXzzCBQ2f5ABlRupLZc60rtPnkubI/g=
golang.conradwood.net/apis/errorlogger v1.1.2147/go.mod h1:qSRx52PVQQxcuGIBkC0KHiOjxsnc4WIayci4UKjz+bw=
golang.conradwood.net/apis/errorlogger v1.1.2235 h1:hCh+6/1VC+I1uUNRJTErhEoubNwMxyuIgqPSOojIYYA=
golang.conradwood.net/apis/errorlogger v1.1.2235/go.mod h1:WL2oj9ykm5lMEAu9UOcHaYxiSz8BGPQRcSQNOjWB5BU=
golang.conradwood.net/apis/framework v1.1.2147 h1:+l76X16SALkbiYjg9V3f9wuqt6sebaH3hBq6YeffxLY=
golang.conradwood.net/apis/framework v1.1.2147/go.mod h1:BPTDbMyvH797KKVsRnNfljv6cnBTzOxHjoxhNzSF95s=
golang.conradwood.net/apis/framework v1.1.2235 h1:PW5nLC4K7I+TsaXGdJ61M6h8IBc7JDf3Pia68Fm1yMA=
golang.conradwood.net/apis/framework v1.1.2235/go.mod h1:g63px8mG64vWsopbE7o2f4W5Sm/KlljIgErCuujaK1k=
golang.conradwood.net/apis/goeasyops v1.1.2147 h1:monYsRVo5IJ5CWncfaHXLyiO9NIbdKWr9qx7XlestSo=
golang.conradwood.net/apis/goeasyops v1.1.2147/go.mod h1:z2xUTz8eXqO6QsUCkPISiy7eUerUWlmH3HZVkiBx6f0=
golang.conradwood.net/apis/goeasyops v1.1.2235 h1:g8NUxiusY9t5cInfhPwHk1XLK7aO12U2E2HIlIBj3Rk=
golang.conradwood.net/apis/goeasyops v1.1.2235/go.mod h1:R61ygO2RJPfSavijaIGbkEIO0oPzFphCXsYo+CXlWao=
golang.conradwood.net/apis/h2gproxy v1.1.2147 h1:WhH3qcirdlGPCd4IqHse9Ybur6FvuZ2FWHjlhbcjfTc=
golang.conradwood.net/apis/h2gproxy v1.1.2147/go.mod h1:UXjrTvUCm4c27u/E731F7PwZhxD31Q0ritaRHxZkUFs=
golang.conradwood.net/apis/h2gproxy v1.1.2235 h1:AebBDnYY+wpoQ6YGKAKXVf2yaN3p4yYJiv1g4GPBX0E=
golang.conradwood.net/apis/h2gproxy v1.1.2235/go.mod h1:OSSTx3KtjCQzSkn8fhCQKaqHtxFEiUUDUDAe4OGeViA=
golang.conradwood.net/apis/objectstore v1.1.2147 h1:TQXHUfAkGzblbbV/0DO6pl2t6Jl8K00l2U3f03zSpeo=
golang.conradwood.net/apis/objectstore v1.1.2147/go.mod h1:fQMO9qqH0j3Mbpy0emak8t0gin0WQnJr1hxogsRqng8=
golang.conradwood.net/apis/objectstore v1.1.2235 h1:JK1GDlMRwaMY79KwQIJys5nTP3zqr8N/kujHoy0Lfc4=
golang.conradwood.net/apis/objectstore v1.1.2235/go.mod h1:L09Zo2oBqnGtrNnWbj5b8XqyCxzcnhwPXgaO7GtaS+w=
golang.conradwood.net/apis/registry v1.1.2147 h1:lzKIZ7kE5NaGbvD9XgpiZmFEiPY54jW1NM9Im1cxAjM=
golang.conradwood.net/apis/registry v1.1.2147/go.mod h1:sarLDbgkKQhTT2lyWBEsYMhkCszdjxvtWk+r4msIhig=
golang.conradwood.net/apis/registry v1.1.2235 h1:P15PdFxVepHm/2MmGjTU9Hz9HVP0nsaVEjrfKz5po7k=
golang.conradwood.net/apis/registry v1.1.2235/go.mod h1:GAuCymLd/lFeqRV2md5ry29gCb7/SXN/AtdfqzOEUJ0=
golang.conradwood.net/apis/rpcinterceptor v1.1.2147 h1:1hkprGeL43xLoTKu4JEyKACUWva8jeYGTtKrAveFRWw=
golang.conradwood.net/apis/rpcinterceptor v1.1.2147/go.mod h1:QYaMCLJATMZKUjHNqkCMPvEr3Kii0CDzTbr3pkS7YzQ=
golang.conradwood.net/apis/rpcinterceptor v1.1.2235 h1:KJoDZ1gr+M2/knpkUGyIhTFagJqsmqEybu2D/AP824E=
golang.conradwood.net/apis/rpcinterceptor v1.1.2235/go.mod h1:Q59uESVkK8qOzZNkNTpBa6MM3otuRG25i0IN8N86IrQ=
golang.conradwood.net/apis/slackgateway v1.1.2147 h1:w1MmjPN3Di8FaUwAU5qsY21iV6gBxkw+icgKLGlfCfU=
golang.conradwood.net/apis/slackgateway v1.1.2147/go.mod h1:/wozagX/SaVDn5LqPY+eHOUyx1OBi8duu3jePCtYJPI=
golang.conradwood.net/apis/slackgateway v1.1.2235 h1:tbCZSGkKzfErsEuCLPXZSWHZS39pCpMlKLUkFwSzBPE=
golang.conradwood.net/apis/slackgateway v1.1.2235/go.mod h1:4s5STobYRnKdT7JoX+DAmbq0UuTs9q2Y5gJoOqJMOP4=
golang.conradwood.net/go-easyops v0.1.16499 h1:rN7Fn8U0UVJWXGN+OaKXjCIiU0UnqfCu64wazd7+sps=
golang.conradwood.net/go-easyops v0.1.16499/go.mod h1:WfxhVB8MmdFmUF6tmnSAR5v5PWF1GTrnXeYmkmTIOrs=
golang.conradwood.net/go-easyops v0.1.16845 h1:eBq1iE+bNGvb61lIv2iOeuKAI5Aa3wcbJ1rrTNPgqMI=
golang.conradwood.net/go-easyops v0.1.16845/go.mod h1:yZf7C0FSt15iSXc6EkD6TTMUbju1h81cON5Bap1buU4=
golang.org/x/net v0.7.0 h1:rJrUqqhjsgNp7KqAIc25s9pZnjU7TUcSY7HcVZjdn1g=
golang.org/x/net v0.7.0/go.mod h1:2Tu9+aMcznHK/AK1HMvgo6xiTLG5rD5rZLDS+rp2Bjs=
golang.org/x/net v0.8.0 h1:Zrh2ngAOFYneWTAIAPethzeaQLuHwhuBkuV6ZiRnUaQ=
golang.org/x/net v0.8.0/go.mod h1:QVkue5JL9kW//ek3r6jTKnTFis1tRmNAW2P1shuFdJc=
golang.org/x/sync v0.0.0-20181221193216-37e7f081c4d4/go.mod h1:RxMgew5VJxzue5/jJTE5uejpjVlOe/izrB70Jof72aM=
golang.org/x/sys v0.5.0 h1:MUK/U/4lj1t1oPg0HfuXDN/Z1wv31ZJ/YcPiGccS4DU=
golang.org/x/sys v0.5.0/go.mod h1:oPkhp1MJrh7nUepCBck5+mAzfO9JrbApNNgaTdGDITg=
golang.org/x/sys v0.6.0 h1:MVltZSvRTcU2ljQOhs94SXPftV6DCNnZViHeQps87pQ=
golang.org/x/sys v0.6.0/go.mod h1:oPkhp1MJrh7nUepCBck5+mAzfO9JrbApNNgaTdGDITg=
golang.org/x/text v0.7.0 h1:4BRB4x83lYWy72KwLD/qYDuTu7q9PjSagHvijDw7cLo=
golang.org/x/text v0.7.0/go.mod h1:mrYo+phRRbMaCq/xk9113O4dZlRixOauAjOtrjsXDZ8=
golang.org/x/text v0.8.0 h1:57P1ETyNKtuIjB4SRd15iJxuhj8Gc416Y78H3qgMh68=
golang.org/x/text v0.8.0/go.mod h1:e1OnstbJyHTd6l/uOt8jFFHp6TRDWZR/bV3emEE/zU8=
golang.org/x/xerrors v0.0.0-20191204190536-9bdfabe68543/go.mod h1:I/5z698sn9Ka8TeJc9MKroUUfqBBauWjQqLJ2OPfmY0=
golang.yacloud.eu/apis/buildrepoarchive v1.1.2147 h1:j+7fCW5QxkY5Ddi36cMDLP6sMSoMDr5X1Qh1aUoyMvo=
golang.yacloud.eu/apis/buildrepoarchive v1.1.2147/go.mod h1:oJPdUC8hER4AZhsifUtMB/v6hXAIDb97ugvVKLiVGdw=
golang.yacloud.eu/apis/buildrepoarchive v1.1.2235 h1:pTFQWwTyqdhVvxqEkc8MUR86uMTc+KYgpwErR2doJD4=
golang.yacloud.eu/apis/buildrepoarchive v1.1.2235/go.mod h1:vJ/NXm5oCZnwoEmEcTsNPlkiS2ragZsscP254jmIKIY=
golang.yacloud.eu/apis/session v1.1.2235 h1:91dFbv0gPzfT5pfEn7W/UxE2snKY4ysTE1bbSHUPZJc=
golang.yacloud.eu/apis/session v1.1.2235/go.mod h1:7LosO/oDgkfFMrQHi6JxQGRlJZW9HJ/NXzMXXYnNXc4=
golang.yacloud.eu/apis/urlcacher v1.1.2147 h1:QlUXs5k8yaovJa8tU+GVEJHuc2Ms8aU7CiHsS1brZzo=
golang.yacloud.eu/apis/urlcacher v1.1.2147/go.mod h1:79kiDp9JOTpl26iBZSnfBSaDOKiJ9u++13QHmIToTXk=
golang.yacloud.eu/apis/urlcacher v1.1.2235 h1:NcfcO5XAMQXq4yydf9UFQyro4rdfIZS/QL7Yiea7/UM=
golang.yacloud.eu/apis/urlcacher v1.1.2235/go.mod h1:991Y7kT2M2Jbg0M58iznvYwkW6XxKuAHf9MPabDWUfs=
google.golang.org/genproto v0.0.0-20230110181048-76db0878b65f h1:BWUVssLB0HVOSY78gIdvk1dTVYtT1y8SBWtPYuTJ/6w=
google.golang.org/genproto v0.0.0-20230110181048-76db0878b65f/go.mod h1:RGgjbofJ8xD9Sq1VVhDM1Vok1vRONV+rg+CjzG4SZKM=
google.golang.org/grpc v1.53.0 h1:LAv2ds7cmFV/XTS3XG1NneeENYrXGmorPxsBbptIjNc=
google.golang.org/grpc v1.53.0/go.mod h1:OnIrk0ipVdj4N5d9IUoFUx72/VlD7+jUsHwZgwSMQpw=
google.golang.org/protobuf v1.26.0-rc.1/go.mod h1:jlhhOSvTdKEhbULTjvd4ARK9grFBp09yW+WbY/TyQbw=
google.golang.org/protobuf v1.26.0/go.mod h1:9q0QmTI4eRPtz6boOQmLYwt+qCgq0jsYwAQnmE0givc=
google.golang.org/protobuf v1.28.1 h1:d0NfwRgPtno5B1Wa6L2DAG+KivqkdutMf1UhdNx175w=
google.golang.org/protobuf v1.28.1/go.mod h1:HV8QOd/L58Z+nl8r43ehVNZIU/HEI6OcFqwMG9pJV4I=
google.golang.org/protobuf v1.30.0 h1:kPPoIgf3TsEvrm0PFe15JQ+570QVxYzEvvHqChK+cng=
google.golang.org/protobuf v1.30.0/go.mod h1:HV8QOd/L58Z+nl8r43ehVNZIU/HEI6OcFqwMG9pJV4I=
gopkg.in/check.v1 v0.0.0-20161208181325-20d25e280405/go.mod h1:Co6ibVJAznAaIkqp8huTwlJQCZ016jof/cbN4VW5Yz0=
gopkg.in/check.v1 v1.0.0-20201130134442-10cb98267c6c h1:Hei/4ADfdWqJk1ZMxUNpqntNwaWcugrBjAiHlqqRiVk=
gopkg.in/yaml.v2 v2.4.0 h1:D8xgwECY7CYvx+Y2n4sBz93Jn9JRvxdiyyo8CTfuKaY=
gopkg.in/yaml.v2 v2.4.0/go.mod h1:RDklbk79AGWmwhnvt/jBztapEOGDOx6ZbXqjP6csGnQ=
